// !$*UTF8*$!
{
	archiveVersion = 1;
	classes = {
	};
	objectVersion = 46;
	objects = {

/* Begin PBXBuildFile section */
		D0A190011803CC98006BE759 /* leftmenu.plist in Resources */ = {isa = PBXBuildFile; fileRef = D0A190001803CC98006BE759 /* leftmenu.plist */; };
		D0A1900A1803E4EE006BE759 /* newsCell.m in Sources */ = {isa = PBXBuildFile; fileRef = D0A190091803E4EE006BE759 /* newsCell.m */; };
		D0A1900D1803E7CC006BE759 /* newsFetch.m in Sources */ = {isa = PBXBuildFile; fileRef = D0A1900C1803E7CC006BE759 /* newsFetch.m */; };
		D0A190AF1803FC39006BE759 /* AFHTTPRequestOperation.m in Sources */ = {isa = PBXBuildFile; fileRef = D0A1908D1803FC39006BE759 /* AFHTTPRequestOperation.m */; };
		D0A190B01803FC39006BE759 /* AFHTTPRequestOperationManager.m in Sources */ = {isa = PBXBuildFile; fileRef = D0A1908F1803FC39006BE759 /* AFHTTPRequestOperationManager.m */; };
		D0A190B11803FC39006BE759 /* AFHTTPSessionManager.m in Sources */ = {isa = PBXBuildFile; fileRef = D0A190911803FC39006BE759 /* AFHTTPSessionManager.m */; };
		D0A190B21803FC39006BE759 /* AFNetworkReachabilityManager.m in Sources */ = {isa = PBXBuildFile; fileRef = D0A190941803FC39006BE759 /* AFNetworkReachabilityManager.m */; };
		D0A190B31803FC39006BE759 /* AFSecurityPolicy.m in Sources */ = {isa = PBXBuildFile; fileRef = D0A190961803FC39006BE759 /* AFSecurityPolicy.m */; };
		D0A190B41803FC39006BE759 /* AFURLConnectionOperation.m in Sources */ = {isa = PBXBuildFile; fileRef = D0A190981803FC39006BE759 /* AFURLConnectionOperation.m */; };
		D0A190B51803FC39006BE759 /* AFURLRequestSerialization.m in Sources */ = {isa = PBXBuildFile; fileRef = D0A1909A1803FC39006BE759 /* AFURLRequestSerialization.m */; };
		D0A190B61803FC39006BE759 /* AFURLResponseSerialization.m in Sources */ = {isa = PBXBuildFile; fileRef = D0A1909C1803FC39006BE759 /* AFURLResponseSerialization.m */; };
		D0A190B71803FC39006BE759 /* AFURLSessionManager.m in Sources */ = {isa = PBXBuildFile; fileRef = D0A1909E1803FC39006BE759 /* AFURLSessionManager.m */; };
		D0A190B81803FC39006BE759 /* AFNetworkActivityIndicatorManager.m in Sources */ = {isa = PBXBuildFile; fileRef = D0A190A11803FC39006BE759 /* AFNetworkActivityIndicatorManager.m */; };
		D0A190B91803FC39006BE759 /* UIActivityIndicatorView+AFNetworking.m in Sources */ = {isa = PBXBuildFile; fileRef = D0A190A31803FC39006BE759 /* UIActivityIndicatorView+AFNetworking.m */; };
		D0A190BA1803FC39006BE759 /* UIAlertView+AFNetworking.m in Sources */ = {isa = PBXBuildFile; fileRef = D0A190A51803FC39006BE759 /* UIAlertView+AFNetworking.m */; };
		D0A190BB1803FC39006BE759 /* UIButton+AFNetworking.m in Sources */ = {isa = PBXBuildFile; fileRef = D0A190A71803FC39006BE759 /* UIButton+AFNetworking.m */; };
		D0A190BC1803FC39006BE759 /* UIImageView+AFNetworking.m in Sources */ = {isa = PBXBuildFile; fileRef = D0A190A91803FC39006BE759 /* UIImageView+AFNetworking.m */; };
		D0A190BD1803FC39006BE759 /* UIProgressView+AFNetworking.m in Sources */ = {isa = PBXBuildFile; fileRef = D0A190AC1803FC39006BE759 /* UIProgressView+AFNetworking.m */; };
		D0A190BE1803FC39006BE759 /* UIWebView+AFNetworking.m in Sources */ = {isa = PBXBuildFile; fileRef = D0A190AE1803FC39006BE759 /* UIWebView+AFNetworking.m */; };
		D0A190C01803FC50006BE759 /* Security.framework in Frameworks */ = {isa = PBXBuildFile; fileRef = D0A190BF1803FC50006BE759 /* Security.framework */; };
		D0A190C21803FC57006BE759 /* SystemConfiguration.framework in Frameworks */ = {isa = PBXBuildFile; fileRef = D0A190C11803FC57006BE759 /* SystemConfiguration.framework */; };
		D0AFE1DD1800842E0081CD83 /* Foundation.framework in Frameworks */ = {isa = PBXBuildFile; fileRef = D0AFE1DC1800842E0081CD83 /* Foundation.framework */; };
		D0AFE1DF1800842E0081CD83 /* CoreGraphics.framework in Frameworks */ = {isa = PBXBuildFile; fileRef = D0AFE1DE1800842E0081CD83 /* CoreGraphics.framework */; };
		D0AFE1E11800842E0081CD83 /* UIKit.framework in Frameworks */ = {isa = PBXBuildFile; fileRef = D0AFE1E01800842E0081CD83 /* UIKit.framework */; };
		D0AFE1E31800842E0081CD83 /* CoreData.framework in Frameworks */ = {isa = PBXBuildFile; fileRef = D0AFE1E21800842E0081CD83 /* CoreData.framework */; };
		D0AFE1E91800842E0081CD83 /* InfoPlist.strings in Resources */ = {isa = PBXBuildFile; fileRef = D0AFE1E71800842E0081CD83 /* InfoPlist.strings */; };
		D0AFE1EB1800842E0081CD83 /* main.m in Sources */ = {isa = PBXBuildFile; fileRef = D0AFE1EA1800842E0081CD83 /* main.m */; };
		D0AFE1EF1800842E0081CD83 /* mstockAppDelegate.m in Sources */ = {isa = PBXBuildFile; fileRef = D0AFE1EE1800842E0081CD83 /* mstockAppDelegate.m */; };
		D0AFE1F21800842E0081CD83 /* mstock.xcdatamodeld in Sources */ = {isa = PBXBuildFile; fileRef = D0AFE1F01800842E0081CD83 /* mstock.xcdatamodeld */; };
		D0AFE1F41800842E0081CD83 /* Images.xcassets in Resources */ = {isa = PBXBuildFile; fileRef = D0AFE1F31800842E0081CD83 /* Images.xcassets */; };
		D0AFE1FB1800842E0081CD83 /* XCTest.framework in Frameworks */ = {isa = PBXBuildFile; fileRef = D0AFE1FA1800842E0081CD83 /* XCTest.framework */; };
		D0AFE1FC1800842E0081CD83 /* Foundation.framework in Frameworks */ = {isa = PBXBuildFile; fileRef = D0AFE1DC1800842E0081CD83 /* Foundation.framework */; };
		D0AFE1FD1800842E0081CD83 /* UIKit.framework in Frameworks */ = {isa = PBXBuildFile; fileRef = D0AFE1E01800842E0081CD83 /* UIKit.framework */; };
		D0AFE1FE1800842E0081CD83 /* CoreData.framework in Frameworks */ = {isa = PBXBuildFile; fileRef = D0AFE1E21800842E0081CD83 /* CoreData.framework */; };
		D0AFE2061800842F0081CD83 /* InfoPlist.strings in Resources */ = {isa = PBXBuildFile; fileRef = D0AFE2041800842F0081CD83 /* InfoPlist.strings */; };
		D0AFE2081800842F0081CD83 /* mstockTests.m in Sources */ = {isa = PBXBuildFile; fileRef = D0AFE2071800842F0081CD83 /* mstockTests.m */; };
		D0AFE22D180167D80081CD83 /* MMDrawerBarButtonItem.m in Sources */ = {isa = PBXBuildFile; fileRef = D0AFE224180167D80081CD83 /* MMDrawerBarButtonItem.m */; };
		D0AFE22E180167D80081CD83 /* MMDrawerController.m in Sources */ = {isa = PBXBuildFile; fileRef = D0AFE227180167D80081CD83 /* MMDrawerController.m */; };
		D0AFE22F180167D80081CD83 /* MMDrawerVisualState.m in Sources */ = {isa = PBXBuildFile; fileRef = D0AFE229180167D80081CD83 /* MMDrawerVisualState.m */; };
		D0AFE230180167D80081CD83 /* UIViewController+MMDrawerController.m in Sources */ = {isa = PBXBuildFile; fileRef = D0AFE22B180167D80081CD83 /* UIViewController+MMDrawerController.m */; };
		D0AFE2341801689F0081CD83 /* navbar2@2x.png in Resources */ = {isa = PBXBuildFile; fileRef = D0AFE2331801689F0081CD83 /* navbar2@2x.png */; };
		D0AFE240180169B90081CD83 /* mstockTradeViewController.m in Sources */ = {isa = PBXBuildFile; fileRef = D0AFE23F180169B90081CD83 /* mstockTradeViewController.m */; };
		D0AFE241180169B90081CD83 /* mstockTradeViewController.m in Sources */ = {isa = PBXBuildFile; fileRef = D0AFE23F180169B90081CD83 /* mstockTradeViewController.m */; };
		D0AFE244180171C80081CD83 /* leftviewController.m in Sources */ = {isa = PBXBuildFile; fileRef = D0AFE243180171C80081CD83 /* leftviewController.m */; };
		D0AFE245180171C80081CD83 /* leftviewController.m in Sources */ = {isa = PBXBuildFile; fileRef = D0AFE243180171C80081CD83 /* leftviewController.m */; };
		D0AFE248180171D60081CD83 /* rightViewController.m in Sources */ = {isa = PBXBuildFile; fileRef = D0AFE247180171D60081CD83 /* rightViewController.m */; };
		D0AFE249180171D60081CD83 /* rightViewController.m in Sources */ = {isa = PBXBuildFile; fileRef = D0AFE247180171D60081CD83 /* rightViewController.m */; };
		D0AFE24D1801A1D70081CD83 /* mstockCell.m in Sources */ = {isa = PBXBuildFile; fileRef = D0AFE24C1801A1D70081CD83 /* mstockCell.m */; };
		D0AFE24E1801A1D70081CD83 /* mstockCell.m in Sources */ = {isa = PBXBuildFile; fileRef = D0AFE24C1801A1D70081CD83 /* mstockCell.m */; };
		D0AFE2501801B4C20081CD83 /* stockQ@2x.png in Resources */ = {isa = PBXBuildFile; fileRef = D0AFE24F1801B4C20081CD83 /* stockQ@2x.png */; };
		D0AFE2511801B4C20081CD83 /* stockQ@2x.png in Resources */ = {isa = PBXBuildFile; fileRef = D0AFE24F1801B4C20081CD83 /* stockQ@2x.png */; };
		D0E45AD618040EF1005034C3 /* YFinanceModel.m in Sources */ = {isa = PBXBuildFile; fileRef = D0E45AD518040EF0005034C3 /* YFinanceModel.m */; };
		D0E45AD918040F00005034C3 /* stockInitModel.m in Sources */ = {isa = PBXBuildFile; fileRef = D0E45AD818040F00005034C3 /* stockInitModel.m */; };
/* End PBXBuildFile section */

/* Begin PBXContainerItemProxy section */
		D0AFE1FF1800842E0081CD83 /* PBXContainerItemProxy */ = {
			isa = PBXContainerItemProxy;
			containerPortal = D0AFE1D11800842E0081CD83 /* Project object */;
			proxyType = 1;
			remoteGlobalIDString = D0AFE1D81800842E0081CD83;
			remoteInfo = mstock;
		};
/* End PBXContainerItemProxy section */

/* Begin PBXFileReference section */
		D0A190001803CC98006BE759 /* leftmenu.plist */ = {isa = PBXFileReference; fileEncoding = 4; lastKnownFileType = text.plist.xml; path = leftmenu.plist; sourceTree = "<group>"; };
		D0A190081803E4EE006BE759 /* newsCell.h */ = {isa = PBXFileReference; fileEncoding = 4; lastKnownFileType = sourcecode.c.h; path = newsCell.h; sourceTree = "<group>"; };
		D0A190091803E4EE006BE759 /* newsCell.m */ = {isa = PBXFileReference; fileEncoding = 4; lastKnownFileType = sourcecode.c.objc; path = newsCell.m; sourceTree = "<group>"; };
		D0A1900B1803E7CC006BE759 /* newsFetch.h */ = {isa = PBXFileReference; fileEncoding = 4; lastKnownFileType = sourcecode.c.h; path = newsFetch.h; sourceTree = "<group>"; };
		D0A1900C1803E7CC006BE759 /* newsFetch.m */ = {isa = PBXFileReference; fileEncoding = 4; lastKnownFileType = sourcecode.c.objc; path = newsFetch.m; sourceTree = "<group>"; };
		D0A1908C1803FC39006BE759 /* AFHTTPRequestOperation.h */ = {isa = PBXFileReference; fileEncoding = 4; lastKnownFileType = sourcecode.c.h; path = AFHTTPRequestOperation.h; sourceTree = "<group>"; };
		D0A1908D1803FC39006BE759 /* AFHTTPRequestOperation.m */ = {isa = PBXFileReference; fileEncoding = 4; lastKnownFileType = sourcecode.c.objc; path = AFHTTPRequestOperation.m; sourceTree = "<group>"; };
		D0A1908E1803FC39006BE759 /* AFHTTPRequestOperationManager.h */ = {isa = PBXFileReference; fileEncoding = 4; lastKnownFileType = sourcecode.c.h; path = AFHTTPRequestOperationManager.h; sourceTree = "<group>"; };
		D0A1908F1803FC39006BE759 /* AFHTTPRequestOperationManager.m */ = {isa = PBXFileReference; fileEncoding = 4; lastKnownFileType = sourcecode.c.objc; path = AFHTTPRequestOperationManager.m; sourceTree = "<group>"; };
		D0A190901803FC39006BE759 /* AFHTTPSessionManager.h */ = {isa = PBXFileReference; fileEncoding = 4; lastKnownFileType = sourcecode.c.h; path = AFHTTPSessionManager.h; sourceTree = "<group>"; };
		D0A190911803FC39006BE759 /* AFHTTPSessionManager.m */ = {isa = PBXFileReference; fileEncoding = 4; lastKnownFileType = sourcecode.c.objc; path = AFHTTPSessionManager.m; sourceTree = "<group>"; };
		D0A190921803FC39006BE759 /* AFNetworking.h */ = {isa = PBXFileReference; fileEncoding = 4; lastKnownFileType = sourcecode.c.h; path = AFNetworking.h; sourceTree = "<group>"; };
		D0A190931803FC39006BE759 /* AFNetworkReachabilityManager.h */ = {isa = PBXFileReference; fileEncoding = 4; lastKnownFileType = sourcecode.c.h; path = AFNetworkReachabilityManager.h; sourceTree = "<group>"; };
		D0A190941803FC39006BE759 /* AFNetworkReachabilityManager.m */ = {isa = PBXFileReference; fileEncoding = 4; lastKnownFileType = sourcecode.c.objc; path = AFNetworkReachabilityManager.m; sourceTree = "<group>"; };
		D0A190951803FC39006BE759 /* AFSecurityPolicy.h */ = {isa = PBXFileReference; fileEncoding = 4; lastKnownFileType = sourcecode.c.h; path = AFSecurityPolicy.h; sourceTree = "<group>"; };
		D0A190961803FC39006BE759 /* AFSecurityPolicy.m */ = {isa = PBXFileReference; fileEncoding = 4; lastKnownFileType = sourcecode.c.objc; path = AFSecurityPolicy.m; sourceTree = "<group>"; };
		D0A190971803FC39006BE759 /* AFURLConnectionOperation.h */ = {isa = PBXFileReference; fileEncoding = 4; lastKnownFileType = sourcecode.c.h; path = AFURLConnectionOperation.h; sourceTree = "<group>"; };
		D0A190981803FC39006BE759 /* AFURLConnectionOperation.m */ = {isa = PBXFileReference; fileEncoding = 4; lastKnownFileType = sourcecode.c.objc; path = AFURLConnectionOperation.m; sourceTree = "<group>"; };
		D0A190991803FC39006BE759 /* AFURLRequestSerialization.h */ = {isa = PBXFileReference; fileEncoding = 4; lastKnownFileType = sourcecode.c.h; path = AFURLRequestSerialization.h; sourceTree = "<group>"; };
		D0A1909A1803FC39006BE759 /* AFURLRequestSerialization.m */ = {isa = PBXFileReference; fileEncoding = 4; lastKnownFileType = sourcecode.c.objc; path = AFURLRequestSerialization.m; sourceTree = "<group>"; };
		D0A1909B1803FC39006BE759 /* AFURLResponseSerialization.h */ = {isa = PBXFileReference; fileEncoding = 4; lastKnownFileType = sourcecode.c.h; path = AFURLResponseSerialization.h; sourceTree = "<group>"; };
		D0A1909C1803FC39006BE759 /* AFURLResponseSerialization.m */ = {isa = PBXFileReference; fileEncoding = 4; lastKnownFileType = sourcecode.c.objc; path = AFURLResponseSerialization.m; sourceTree = "<group>"; };
		D0A1909D1803FC39006BE759 /* AFURLSessionManager.h */ = {isa = PBXFileReference; fileEncoding = 4; lastKnownFileType = sourcecode.c.h; path = AFURLSessionManager.h; sourceTree = "<group>"; };
		D0A1909E1803FC39006BE759 /* AFURLSessionManager.m */ = {isa = PBXFileReference; fileEncoding = 4; lastKnownFileType = sourcecode.c.objc; path = AFURLSessionManager.m; sourceTree = "<group>"; };
		D0A190A01803FC39006BE759 /* AFNetworkActivityIndicatorManager.h */ = {isa = PBXFileReference; fileEncoding = 4; lastKnownFileType = sourcecode.c.h; path = AFNetworkActivityIndicatorManager.h; sourceTree = "<group>"; };
		D0A190A11803FC39006BE759 /* AFNetworkActivityIndicatorManager.m */ = {isa = PBXFileReference; fileEncoding = 4; lastKnownFileType = sourcecode.c.objc; path = AFNetworkActivityIndicatorManager.m; sourceTree = "<group>"; };
		D0A190A21803FC39006BE759 /* UIActivityIndicatorView+AFNetworking.h */ = {isa = PBXFileReference; fileEncoding = 4; lastKnownFileType = sourcecode.c.h; path = "UIActivityIndicatorView+AFNetworking.h"; sourceTree = "<group>"; };
		D0A190A31803FC39006BE759 /* UIActivityIndicatorView+AFNetworking.m */ = {isa = PBXFileReference; fileEncoding = 4; lastKnownFileType = sourcecode.c.objc; path = "UIActivityIndicatorView+AFNetworking.m"; sourceTree = "<group>"; };
		D0A190A41803FC39006BE759 /* UIAlertView+AFNetworking.h */ = {isa = PBXFileReference; fileEncoding = 4; lastKnownFileType = sourcecode.c.h; path = "UIAlertView+AFNetworking.h"; sourceTree = "<group>"; };
		D0A190A51803FC39006BE759 /* UIAlertView+AFNetworking.m */ = {isa = PBXFileReference; fileEncoding = 4; lastKnownFileType = sourcecode.c.objc; path = "UIAlertView+AFNetworking.m"; sourceTree = "<group>"; };
		D0A190A61803FC39006BE759 /* UIButton+AFNetworking.h */ = {isa = PBXFileReference; fileEncoding = 4; lastKnownFileType = sourcecode.c.h; path = "UIButton+AFNetworking.h"; sourceTree = "<group>"; };
		D0A190A71803FC39006BE759 /* UIButton+AFNetworking.m */ = {isa = PBXFileReference; fileEncoding = 4; lastKnownFileType = sourcecode.c.objc; path = "UIButton+AFNetworking.m"; sourceTree = "<group>"; };
		D0A190A81803FC39006BE759 /* UIImageView+AFNetworking.h */ = {isa = PBXFileReference; fileEncoding = 4; lastKnownFileType = sourcecode.c.h; path = "UIImageView+AFNetworking.h"; sourceTree = "<group>"; };
		D0A190A91803FC39006BE759 /* UIImageView+AFNetworking.m */ = {isa = PBXFileReference; fileEncoding = 4; lastKnownFileType = sourcecode.c.objc; path = "UIImageView+AFNetworking.m"; sourceTree = "<group>"; };
		D0A190AA1803FC39006BE759 /* UIKit+AFNetworking.h */ = {isa = PBXFileReference; fileEncoding = 4; lastKnownFileType = sourcecode.c.h; path = "UIKit+AFNetworking.h"; sourceTree = "<group>"; };
		D0A190AB1803FC39006BE759 /* UIProgressView+AFNetworking.h */ = {isa = PBXFileReference; fileEncoding = 4; lastKnownFileType = sourcecode.c.h; path = "UIProgressView+AFNetworking.h"; sourceTree = "<group>"; };
		D0A190AC1803FC39006BE759 /* UIProgressView+AFNetworking.m */ = {isa = PBXFileReference; fileEncoding = 4; lastKnownFileType = sourcecode.c.objc; path = "UIProgressView+AFNetworking.m"; sourceTree = "<group>"; };
		D0A190AD1803FC39006BE759 /* UIWebView+AFNetworking.h */ = {isa = PBXFileReference; fileEncoding = 4; lastKnownFileType = sourcecode.c.h; path = "UIWebView+AFNetworking.h"; sourceTree = "<group>"; };
		D0A190AE1803FC39006BE759 /* UIWebView+AFNetworking.m */ = {isa = PBXFileReference; fileEncoding = 4; lastKnownFileType = sourcecode.c.objc; path = "UIWebView+AFNetworking.m"; sourceTree = "<group>"; };
		D0A190BF1803FC50006BE759 /* Security.framework */ = {isa = PBXFileReference; lastKnownFileType = wrapper.framework; name = Security.framework; path = System/Library/Frameworks/Security.framework; sourceTree = SDKROOT; };
		D0A190C11803FC57006BE759 /* SystemConfiguration.framework */ = {isa = PBXFileReference; lastKnownFileType = wrapper.framework; name = SystemConfiguration.framework; path = System/Library/Frameworks/SystemConfiguration.framework; sourceTree = SDKROOT; };
		D0AFE1D91800842E0081CD83 /* mstock.app */ = {isa = PBXFileReference; explicitFileType = wrapper.application; includeInIndex = 0; path = mstock.app; sourceTree = BUILT_PRODUCTS_DIR; };
		D0AFE1DC1800842E0081CD83 /* Foundation.framework */ = {isa = PBXFileReference; lastKnownFileType = wrapper.framework; name = Foundation.framework; path = System/Library/Frameworks/Foundation.framework; sourceTree = SDKROOT; };
		D0AFE1DE1800842E0081CD83 /* CoreGraphics.framework */ = {isa = PBXFileReference; lastKnownFileType = wrapper.framework; name = CoreGraphics.framework; path = System/Library/Frameworks/CoreGraphics.framework; sourceTree = SDKROOT; };
		D0AFE1E01800842E0081CD83 /* UIKit.framework */ = {isa = PBXFileReference; lastKnownFileType = wrapper.framework; name = UIKit.framework; path = System/Library/Frameworks/UIKit.framework; sourceTree = SDKROOT; };
		D0AFE1E21800842E0081CD83 /* CoreData.framework */ = {isa = PBXFileReference; lastKnownFileType = wrapper.framework; name = CoreData.framework; path = System/Library/Frameworks/CoreData.framework; sourceTree = SDKROOT; };
		D0AFE1E61800842E0081CD83 /* mstock-Info.plist */ = {isa = PBXFileReference; lastKnownFileType = text.plist.xml; path = "mstock-Info.plist"; sourceTree = "<group>"; };
		D0AFE1E81800842E0081CD83 /* en */ = {isa = PBXFileReference; lastKnownFileType = text.plist.strings; name = en; path = en.lproj/InfoPlist.strings; sourceTree = "<group>"; };
		D0AFE1EA1800842E0081CD83 /* main.m */ = {isa = PBXFileReference; lastKnownFileType = sourcecode.c.objc; path = main.m; sourceTree = "<group>"; };
		D0AFE1EC1800842E0081CD83 /* mstock-Prefix.pch */ = {isa = PBXFileReference; lastKnownFileType = sourcecode.c.h; path = "mstock-Prefix.pch"; sourceTree = "<group>"; };
		D0AFE1ED1800842E0081CD83 /* mstockAppDelegate.h */ = {isa = PBXFileReference; lastKnownFileType = sourcecode.c.h; path = mstockAppDelegate.h; sourceTree = "<group>"; };
		D0AFE1EE1800842E0081CD83 /* mstockAppDelegate.m */ = {isa = PBXFileReference; lastKnownFileType = sourcecode.c.objc; path = mstockAppDelegate.m; sourceTree = "<group>"; };
		D0AFE1F11800842E0081CD83 /* mstock.xcdatamodel */ = {isa = PBXFileReference; lastKnownFileType = wrapper.xcdatamodel; path = mstock.xcdatamodel; sourceTree = "<group>"; };
		D0AFE1F31800842E0081CD83 /* Images.xcassets */ = {isa = PBXFileReference; lastKnownFileType = folder.assetcatalog; path = Images.xcassets; sourceTree = "<group>"; };
		D0AFE1F91800842E0081CD83 /* mstockTests.xctest */ = {isa = PBXFileReference; explicitFileType = wrapper.cfbundle; includeInIndex = 0; path = mstockTests.xctest; sourceTree = BUILT_PRODUCTS_DIR; };
		D0AFE1FA1800842E0081CD83 /* XCTest.framework */ = {isa = PBXFileReference; lastKnownFileType = wrapper.framework; name = XCTest.framework; path = Library/Frameworks/XCTest.framework; sourceTree = DEVELOPER_DIR; };
		D0AFE2031800842F0081CD83 /* mstockTests-Info.plist */ = {isa = PBXFileReference; lastKnownFileType = text.plist.xml; path = "mstockTests-Info.plist"; sourceTree = "<group>"; };
		D0AFE2051800842F0081CD83 /* en */ = {isa = PBXFileReference; lastKnownFileType = text.plist.strings; name = en; path = en.lproj/InfoPlist.strings; sourceTree = "<group>"; };
		D0AFE2071800842F0081CD83 /* mstockTests.m */ = {isa = PBXFileReference; lastKnownFileType = sourcecode.c.objc; path = mstockTests.m; sourceTree = "<group>"; };
		D0AFE223180167D80081CD83 /* MMDrawerBarButtonItem.h */ = {isa = PBXFileReference; fileEncoding = 4; lastKnownFileType = sourcecode.c.h; path = MMDrawerBarButtonItem.h; sourceTree = "<group>"; };
		D0AFE224180167D80081CD83 /* MMDrawerBarButtonItem.m */ = {isa = PBXFileReference; fileEncoding = 4; lastKnownFileType = sourcecode.c.objc; path = MMDrawerBarButtonItem.m; sourceTree = "<group>"; };
		D0AFE225180167D80081CD83 /* MMDrawerController+Subclass.h */ = {isa = PBXFileReference; fileEncoding = 4; lastKnownFileType = sourcecode.c.h; path = "MMDrawerController+Subclass.h"; sourceTree = "<group>"; };
		D0AFE226180167D80081CD83 /* MMDrawerController.h */ = {isa = PBXFileReference; fileEncoding = 4; lastKnownFileType = sourcecode.c.h; path = MMDrawerController.h; sourceTree = "<group>"; };
		D0AFE227180167D80081CD83 /* MMDrawerController.m */ = {isa = PBXFileReference; fileEncoding = 4; lastKnownFileType = sourcecode.c.objc; path = MMDrawerController.m; sourceTree = "<group>"; };
		D0AFE228180167D80081CD83 /* MMDrawerVisualState.h */ = {isa = PBXFileReference; fileEncoding = 4; lastKnownFileType = sourcecode.c.h; path = MMDrawerVisualState.h; sourceTree = "<group>"; };
		D0AFE229180167D80081CD83 /* MMDrawerVisualState.m */ = {isa = PBXFileReference; fileEncoding = 4; lastKnownFileType = sourcecode.c.objc; path = MMDrawerVisualState.m; sourceTree = "<group>"; };
		D0AFE22A180167D80081CD83 /* UIViewController+MMDrawerController.h */ = {isa = PBXFileReference; fileEncoding = 4; lastKnownFileType = sourcecode.c.h; path = "UIViewController+MMDrawerController.h"; sourceTree = "<group>"; };
		D0AFE22B180167D80081CD83 /* UIViewController+MMDrawerController.m */ = {isa = PBXFileReference; fileEncoding = 4; lastKnownFileType = sourcecode.c.objc; path = "UIViewController+MMDrawerController.m"; sourceTree = "<group>"; };
		D0AFE2331801689F0081CD83 /* navbar2@2x.png */ = {isa = PBXFileReference; lastKnownFileType = image.png; path = "navbar2@2x.png"; sourceTree = "<group>"; };
		D0AFE23E180169B90081CD83 /* mstockTradeViewController.h */ = {isa = PBXFileReference; fileEncoding = 4; lastKnownFileType = sourcecode.c.h; path = mstockTradeViewController.h; sourceTree = "<group>"; };
		D0AFE23F180169B90081CD83 /* mstockTradeViewController.m */ = {isa = PBXFileReference; fileEncoding = 4; lastKnownFileType = sourcecode.c.objc; path = mstockTradeViewController.m; sourceTree = "<group>"; };
		D0AFE242180171C80081CD83 /* leftviewController.h */ = {isa = PBXFileReference; fileEncoding = 4; lastKnownFileType = sourcecode.c.h; path = leftviewController.h; sourceTree = "<group>"; };
		D0AFE243180171C80081CD83 /* leftviewController.m */ = {isa = PBXFileReference; fileEncoding = 4; lastKnownFileType = sourcecode.c.objc; path = leftviewController.m; sourceTree = "<group>"; };
		D0AFE246180171D60081CD83 /* rightViewController.h */ = {isa = PBXFileReference; fileEncoding = 4; lastKnownFileType = sourcecode.c.h; path = rightViewController.h; sourceTree = "<group>"; };
		D0AFE247180171D60081CD83 /* rightViewController.m */ = {isa = PBXFileReference; fileEncoding = 4; lastKnownFileType = sourcecode.c.objc; path = rightViewController.m; sourceTree = "<group>"; };
		D0AFE24B1801A1D70081CD83 /* mstockCell.h */ = {isa = PBXFileReference; fileEncoding = 4; lastKnownFileType = sourcecode.c.h; path = mstockCell.h; sourceTree = "<group>"; };
		D0AFE24C1801A1D70081CD83 /* mstockCell.m */ = {isa = PBXFileReference; fileEncoding = 4; lastKnownFileType = sourcecode.c.objc; path = mstockCell.m; sourceTree = "<group>"; };
		D0AFE24F1801B4C20081CD83 /* stockQ@2x.png */ = {isa = PBXFileReference; lastKnownFileType = image.png; path = "stockQ@2x.png"; sourceTree = "<group>"; };
		D0E45AD418040EF0005034C3 /* YFinanceModel.h */ = {isa = PBXFileReference; fileEncoding = 4; lastKnownFileType = sourcecode.c.h; path = YFinanceModel.h; sourceTree = "<group>"; };
		D0E45AD518040EF0005034C3 /* YFinanceModel.m */ = {isa = PBXFileReference; fileEncoding = 4; lastKnownFileType = sourcecode.c.objc; path = YFinanceModel.m; sourceTree = "<group>"; };
		D0E45AD718040F00005034C3 /* stockInitModel.h */ = {isa = PBXFileReference; fileEncoding = 4; lastKnownFileType = sourcecode.c.h; path = stockInitModel.h; sourceTree = "<group>"; };
		D0E45AD818040F00005034C3 /* stockInitModel.m */ = {isa = PBXFileReference; fileEncoding = 4; lastKnownFileType = sourcecode.c.objc; path = stockInitModel.m; sourceTree = "<group>"; };
/* End PBXFileReference section */

/* Begin PBXFrameworksBuildPhase section */
		D0AFE1D61800842E0081CD83 /* Frameworks */ = {
			isa = PBXFrameworksBuildPhase;
			buildActionMask = 2147483647;
			files = (
				D0A190C21803FC57006BE759 /* SystemConfiguration.framework in Frameworks */,
				D0A190C01803FC50006BE759 /* Security.framework in Frameworks */,
				D0AFE1DF1800842E0081CD83 /* CoreGraphics.framework in Frameworks */,
				D0AFE1E31800842E0081CD83 /* CoreData.framework in Frameworks */,
				D0AFE1E11800842E0081CD83 /* UIKit.framework in Frameworks */,
				D0AFE1DD1800842E0081CD83 /* Foundation.framework in Frameworks */,
			);
			runOnlyForDeploymentPostprocessing = 0;
		};
		D0AFE1F61800842E0081CD83 /* Frameworks */ = {
			isa = PBXFrameworksBuildPhase;
			buildActionMask = 2147483647;
			files = (
				D0AFE1FB1800842E0081CD83 /* XCTest.framework in Frameworks */,
				D0AFE1FE1800842E0081CD83 /* CoreData.framework in Frameworks */,
				D0AFE1FD1800842E0081CD83 /* UIKit.framework in Frameworks */,
				D0AFE1FC1800842E0081CD83 /* Foundation.framework in Frameworks */,
			);
			runOnlyForDeploymentPostprocessing = 0;
		};
/* End PBXFrameworksBuildPhase section */

/* Begin PBXGroup section */
		D0A190021803DB4D006BE759 /* helper */ = {
			isa = PBXGroup;
			children = (
				D0A1900B1803E7CC006BE759 /* newsFetch.h */,
				D0A1900C1803E7CC006BE759 /* newsFetch.m */,
			);
			path = helper;
			sourceTree = "<group>";
		};
		D0A190071803E4EE006BE759 /* newsCell */ = {
			isa = PBXGroup;
			children = (
				D0A190081803E4EE006BE759 /* newsCell.h */,
				D0A190091803E4EE006BE759 /* newsCell.m */,
			);
			path = newsCell;
			sourceTree = "<group>";
		};
		D0A1908B1803FC39006BE759 /* AFNetworking */ = {
			isa = PBXGroup;
			children = (
				D0A1908C1803FC39006BE759 /* AFHTTPRequestOperation.h */,
				D0A1908D1803FC39006BE759 /* AFHTTPRequestOperation.m */,
				D0A1908E1803FC39006BE759 /* AFHTTPRequestOperationManager.h */,
				D0A1908F1803FC39006BE759 /* AFHTTPRequestOperationManager.m */,
				D0A190901803FC39006BE759 /* AFHTTPSessionManager.h */,
				D0A190911803FC39006BE759 /* AFHTTPSessionManager.m */,
				D0A190921803FC39006BE759 /* AFNetworking.h */,
				D0A190931803FC39006BE759 /* AFNetworkReachabilityManager.h */,
				D0A190941803FC39006BE759 /* AFNetworkReachabilityManager.m */,
				D0A190951803FC39006BE759 /* AFSecurityPolicy.h */,
				D0A190961803FC39006BE759 /* AFSecurityPolicy.m */,
				D0A190971803FC39006BE759 /* AFURLConnectionOperation.h */,
				D0A190981803FC39006BE759 /* AFURLConnectionOperation.m */,
				D0A190991803FC39006BE759 /* AFURLRequestSerialization.h */,
				D0A1909A1803FC39006BE759 /* AFURLRequestSerialization.m */,
				D0A1909B1803FC39006BE759 /* AFURLResponseSerialization.h */,
				D0A1909C1803FC39006BE759 /* AFURLResponseSerialization.m */,
				D0A1909D1803FC39006BE759 /* AFURLSessionManager.h */,
				D0A1909E1803FC39006BE759 /* AFURLSessionManager.m */,
			);
			path = AFNetworking;
			sourceTree = "<group>";
		};
		D0A1909F1803FC39006BE759 /* UIKit+AFNetworking */ = {
			isa = PBXGroup;
			children = (
				D0A190A01803FC39006BE759 /* AFNetworkActivityIndicatorManager.h */,
				D0A190A11803FC39006BE759 /* AFNetworkActivityIndicatorManager.m */,
				D0A190A21803FC39006BE759 /* UIActivityIndicatorView+AFNetworking.h */,
				D0A190A31803FC39006BE759 /* UIActivityIndicatorView+AFNetworking.m */,
				D0A190A41803FC39006BE759 /* UIAlertView+AFNetworking.h */,
				D0A190A51803FC39006BE759 /* UIAlertView+AFNetworking.m */,
				D0A190A61803FC39006BE759 /* UIButton+AFNetworking.h */,
				D0A190A71803FC39006BE759 /* UIButton+AFNetworking.m */,
				D0A190A81803FC39006BE759 /* UIImageView+AFNetworking.h */,
				D0A190A91803FC39006BE759 /* UIImageView+AFNetworking.m */,
				D0A190AA1803FC39006BE759 /* UIKit+AFNetworking.h */,
				D0A190AB1803FC39006BE759 /* UIProgressView+AFNetworking.h */,
				D0A190AC1803FC39006BE759 /* UIProgressView+AFNetworking.m */,
				D0A190AD1803FC39006BE759 /* UIWebView+AFNetworking.h */,
				D0A190AE1803FC39006BE759 /* UIWebView+AFNetworking.m */,
			);
			path = "UIKit+AFNetworking";
			sourceTree = "<group>";
		};
		D0AFE1D01800842E0081CD83 = {
			isa = PBXGroup;
			children = (
				D0AFE1E41800842E0081CD83 /* mstock */,
				D0AFE2011800842E0081CD83 /* mstockTests */,
				D0AFE1DB1800842E0081CD83 /* Frameworks */,
				D0AFE1DA1800842E0081CD83 /* Products */,
			);
			sourceTree = "<group>";
		};
		D0AFE1DA1800842E0081CD83 /* Products */ = {
			isa = PBXGroup;
			children = (
				D0AFE1D91800842E0081CD83 /* mstock.app */,
				D0AFE1F91800842E0081CD83 /* mstockTests.xctest */,
			);
			name = Products;
			sourceTree = "<group>";
		};
		D0AFE1DB1800842E0081CD83 /* Frameworks */ = {
			isa = PBXGroup;
			children = (
				D0A190C11803FC57006BE759 /* SystemConfiguration.framework */,
				D0A190BF1803FC50006BE759 /* Security.framework */,
				D0AFE1DC1800842E0081CD83 /* Foundation.framework */,
				D0AFE1DE1800842E0081CD83 /* CoreGraphics.framework */,
				D0AFE1E01800842E0081CD83 /* UIKit.framework */,
				D0AFE1E21800842E0081CD83 /* CoreData.framework */,
				D0AFE1FA1800842E0081CD83 /* XCTest.framework */,
			);
			name = Frameworks;
			sourceTree = "<group>";
		};
		D0AFE1E41800842E0081CD83 /* mstock */ = {
			isa = PBXGroup;
			children = (
				D0E45AD318040EE3005034C3 /* model */,
				D0AFE21F180167D80081CD83 /* assets */,
				D0AFE220180167D80081CD83 /* controller */,
				D0AFE221180167D80081CD83 /* library */,
				D0AFE22C180167D80081CD83 /* view */,
				D0AFE1ED1800842E0081CD83 /* mstockAppDelegate.h */,
				D0AFE1EE1800842E0081CD83 /* mstockAppDelegate.m */,
				D0AFE1F31800842E0081CD83 /* Images.xcassets */,
				D0AFE1F01800842E0081CD83 /* mstock.xcdatamodeld */,
				D0AFE1E51800842E0081CD83 /* Supporting Files */,
			);
			path = mstock;
			sourceTree = "<group>";
		};
		D0AFE1E51800842E0081CD83 /* Supporting Files */ = {
			isa = PBXGroup;
			children = (
				D0AFE1E61800842E0081CD83 /* mstock-Info.plist */,
				D0AFE1E71800842E0081CD83 /* InfoPlist.strings */,
				D0AFE1EA1800842E0081CD83 /* main.m */,
				D0AFE1EC1800842E0081CD83 /* mstock-Prefix.pch */,
				D0A190001803CC98006BE759 /* leftmenu.plist */,
			);
			name = "Supporting Files";
			sourceTree = "<group>";
		};
		D0AFE2011800842E0081CD83 /* mstockTests */ = {
			isa = PBXGroup;
			children = (
				D0AFE2071800842F0081CD83 /* mstockTests.m */,
				D0AFE2021800842F0081CD83 /* Supporting Files */,
			);
			path = mstockTests;
			sourceTree = "<group>";
		};
		D0AFE2021800842F0081CD83 /* Supporting Files */ = {
			isa = PBXGroup;
			children = (
				D0AFE2031800842F0081CD83 /* mstockTests-Info.plist */,
				D0AFE2041800842F0081CD83 /* InfoPlist.strings */,
			);
			name = "Supporting Files";
			sourceTree = "<group>";
		};
		D0AFE21F180167D80081CD83 /* assets */ = {
			isa = PBXGroup;
			children = (
				D0AFE2311801689F0081CD83 /* font */,
				D0AFE2321801689F0081CD83 /* img */,
			);
			path = assets;
			sourceTree = "<group>";
		};
		D0AFE220180167D80081CD83 /* controller */ = {
			isa = PBXGroup;
			children = (
			);
			path = controller;
			sourceTree = "<group>";
		};
		D0AFE221180167D80081CD83 /* library */ = {
			isa = PBXGroup;
			children = (
				D0A1908B1803FC39006BE759 /* AFNetworking */,
				D0A1909F1803FC39006BE759 /* UIKit+AFNetworking */,
				D0A190021803DB4D006BE759 /* helper */,
				D0AFE222180167D80081CD83 /* MMDrawerController */,
			);
			path = library;
			sourceTree = "<group>";
		};
		D0AFE222180167D80081CD83 /* MMDrawerController */ = {
			isa = PBXGroup;
			children = (
				D0AFE223180167D80081CD83 /* MMDrawerBarButtonItem.h */,
				D0AFE224180167D80081CD83 /* MMDrawerBarButtonItem.m */,
				D0AFE225180167D80081CD83 /* MMDrawerController+Subclass.h */,
				D0AFE226180167D80081CD83 /* MMDrawerController.h */,
				D0AFE227180167D80081CD83 /* MMDrawerController.m */,
				D0AFE228180167D80081CD83 /* MMDrawerVisualState.h */,
				D0AFE229180167D80081CD83 /* MMDrawerVisualState.m */,
				D0AFE22A180167D80081CD83 /* UIViewController+MMDrawerController.h */,
				D0AFE22B180167D80081CD83 /* UIViewController+MMDrawerController.m */,
			);
			path = MMDrawerController;
			sourceTree = "<group>";
		};
		D0AFE22C180167D80081CD83 /* view */ = {
			isa = PBXGroup;
			children = (
				D0AFE235180168E00081CD83 /* center */,
				D0AFE236180168E00081CD83 /* left */,
				D0AFE237180168E00081CD83 /* right */,
				D0AFE238180168E00081CD83 /* shared */,
			);
			path = view;
			sourceTree = "<group>";
		};
		D0AFE2311801689F0081CD83 /* font */ = {
			isa = PBXGroup;
			children = (
			);
			path = font;
			sourceTree = "<group>";
		};
		D0AFE2321801689F0081CD83 /* img */ = {
			isa = PBXGroup;
			children = (
				D0AFE24F1801B4C20081CD83 /* stockQ@2x.png */,
				D0AFE2331801689F0081CD83 /* navbar2@2x.png */,
			);
			path = img;
			sourceTree = "<group>";
		};
		D0AFE235180168E00081CD83 /* center */ = {
			isa = PBXGroup;
			children = (
				D0AFE2391801699E0081CD83 /* charts */,
				D0AFE23A1801699E0081CD83 /* companyInfo */,
				D0AFE23B1801699E0081CD83 /* completebook */,
				D0AFE23C1801699E0081CD83 /* running_trade */,
				D0AFE23D1801699E0081CD83 /* stockwatch */,
			);
			path = center;
			sourceTree = "<group>";
		};
		D0AFE236180168E00081CD83 /* left */ = {
			isa = PBXGroup;
			children = (
				D0AFE242180171C80081CD83 /* leftviewController.h */,
				D0AFE243180171C80081CD83 /* leftviewController.m */,
			);
			path = left;
			sourceTree = "<group>";
		};
		D0AFE237180168E00081CD83 /* right */ = {
			isa = PBXGroup;
			children = (
				D0A190071803E4EE006BE759 /* newsCell */,
				D0AFE246180171D60081CD83 /* rightViewController.h */,
				D0AFE247180171D60081CD83 /* rightViewController.m */,
			);
			path = right;
			sourceTree = "<group>";
		};
		D0AFE238180168E00081CD83 /* shared */ = {
			isa = PBXGroup;
			children = (
			);
			path = shared;
			sourceTree = "<group>";
		};
		D0AFE2391801699E0081CD83 /* charts */ = {
			isa = PBXGroup;
			children = (
			);
			path = charts;
			sourceTree = "<group>";
		};
		D0AFE23A1801699E0081CD83 /* companyInfo */ = {
			isa = PBXGroup;
			children = (
			);
			path = companyInfo;
			sourceTree = "<group>";
		};
		D0AFE23B1801699E0081CD83 /* completebook */ = {
			isa = PBXGroup;
			children = (
			);
			path = completebook;
			sourceTree = "<group>";
		};
		D0AFE23C1801699E0081CD83 /* running_trade */ = {
			isa = PBXGroup;
			children = (
				D0AFE24A1801A1B60081CD83 /* rt_cell */,
				D0AFE23E180169B90081CD83 /* mstockTradeViewController.h */,
				D0AFE23F180169B90081CD83 /* mstockTradeViewController.m */,
			);
			path = running_trade;
			sourceTree = "<group>";
		};
		D0AFE23D1801699E0081CD83 /* stockwatch */ = {
			isa = PBXGroup;
			children = (
			);
			path = stockwatch;
			sourceTree = "<group>";
		};
		D0AFE24A1801A1B60081CD83 /* rt_cell */ = {
			isa = PBXGroup;
			children = (
				D0AFE24B1801A1D70081CD83 /* mstockCell.h */,
				D0AFE24C1801A1D70081CD83 /* mstockCell.m */,
			);
			path = rt_cell;
			sourceTree = "<group>";
		};
		D0E45AD318040EE3005034C3 /* model */ = {
			isa = PBXGroup;
			children = (
				D0E45AD418040EF0005034C3 /* YFinanceModel.h */,
				D0E45AD518040EF0005034C3 /* YFinanceModel.m */,
				D0E45AD718040F00005034C3 /* stockInitModel.h */,
				D0E45AD818040F00005034C3 /* stockInitModel.m */,
			);
			path = model;
			sourceTree = "<group>";
		};
/* End PBXGroup section */

/* Begin PBXNativeTarget section */
		D0AFE1D81800842E0081CD83 /* mstock */ = {
			isa = PBXNativeTarget;
			buildConfigurationList = D0AFE20B1800842F0081CD83 /* Build configuration list for PBXNativeTarget "mstock" */;
			buildPhases = (
				D0AFE1D51800842E0081CD83 /* Sources */,
				D0AFE1D61800842E0081CD83 /* Frameworks */,
				D0AFE1D71800842E0081CD83 /* Resources */,
			);
			buildRules = (
			);
			dependencies = (
			);
			name = mstock;
			productName = mstock;
			productReference = D0AFE1D91800842E0081CD83 /* mstock.app */;
			productType = "com.apple.product-type.application";
		};
		D0AFE1F81800842E0081CD83 /* mstockTests */ = {
			isa = PBXNativeTarget;
			buildConfigurationList = D0AFE20E1800842F0081CD83 /* Build configuration list for PBXNativeTarget "mstockTests" */;
			buildPhases = (
				D0AFE1F51800842E0081CD83 /* Sources */,
				D0AFE1F61800842E0081CD83 /* Frameworks */,
				D0AFE1F71800842E0081CD83 /* Resources */,
			);
			buildRules = (
			);
			dependencies = (
				D0AFE2001800842E0081CD83 /* PBXTargetDependency */,
			);
			name = mstockTests;
			productName = mstockTests;
			productReference = D0AFE1F91800842E0081CD83 /* mstockTests.xctest */;
			productType = "com.apple.product-type.bundle.unit-test";
		};
/* End PBXNativeTarget section */

/* Begin PBXProject section */
		D0AFE1D11800842E0081CD83 /* Project object */ = {
			isa = PBXProject;
			attributes = {
				CLASSPREFIX = mstock;
				LastUpgradeCheck = 0500;
				ORGANIZATIONNAME = netra;
				TargetAttributes = {
					D0AFE1F81800842E0081CD83 = {
						TestTargetID = D0AFE1D81800842E0081CD83;
					};
				};
			};
			buildConfigurationList = D0AFE1D41800842E0081CD83 /* Build configuration list for PBXProject "mstock" */;
			compatibilityVersion = "Xcode 3.2";
			developmentRegion = English;
			hasScannedForEncodings = 0;
			knownRegions = (
				en,
			);
			mainGroup = D0AFE1D01800842E0081CD83;
			productRefGroup = D0AFE1DA1800842E0081CD83 /* Products */;
			projectDirPath = "";
			projectRoot = "";
			targets = (
				D0AFE1D81800842E0081CD83 /* mstock */,
				D0AFE1F81800842E0081CD83 /* mstockTests */,
			);
		};
/* End PBXProject section */

/* Begin PBXResourcesBuildPhase section */
		D0AFE1D71800842E0081CD83 /* Resources */ = {
			isa = PBXResourcesBuildPhase;
			buildActionMask = 2147483647;
			files = (
				D0AFE2341801689F0081CD83 /* navbar2@2x.png in Resources */,
				D0AFE1E91800842E0081CD83 /* InfoPlist.strings in Resources */,
				D0A190011803CC98006BE759 /* leftmenu.plist in Resources */,
				D0AFE1F41800842E0081CD83 /* Images.xcassets in Resources */,
				D0AFE2501801B4C20081CD83 /* stockQ@2x.png in Resources */,
			);
			runOnlyForDeploymentPostprocessing = 0;
		};
		D0AFE1F71800842E0081CD83 /* Resources */ = {
			isa = PBXResourcesBuildPhase;
			buildActionMask = 2147483647;
			files = (
				D0AFE2061800842F0081CD83 /* InfoPlist.strings in Resources */,
				D0AFE2511801B4C20081CD83 /* stockQ@2x.png in Resources */,
			);
			runOnlyForDeploymentPostprocessing = 0;
		};
/* End PBXResourcesBuildPhase section */

/* Begin PBXSourcesBuildPhase section */
		D0AFE1D51800842E0081CD83 /* Sources */ = {
			isa = PBXSourcesBuildPhase;
			buildActionMask = 2147483647;
			files = (
				D0A190BD1803FC39006BE759 /* UIProgressView+AFNetworking.m in Sources */,
				D0AFE244180171C80081CD83 /* leftviewController.m in Sources */,
				D0AFE22F180167D80081CD83 /* MMDrawerVisualState.m in Sources */,
				D0A190B01803FC39006BE759 /* AFHTTPRequestOperationManager.m in Sources */,
				D0E45AD618040EF1005034C3 /* YFinanceModel.m in Sources */,
				D0A1900A1803E4EE006BE759 /* newsCell.m in Sources */,
				D0A190B41803FC39006BE759 /* AFURLConnectionOperation.m in Sources */,
				D0AFE1EB1800842E0081CD83 /* main.m in Sources */,
				D0A190B91803FC39006BE759 /* UIActivityIndicatorView+AFNetworking.m in Sources */,
				D0AFE230180167D80081CD83 /* UIViewController+MMDrawerController.m in Sources */,
				D0A190B51803FC39006BE759 /* AFURLRequestSerialization.m in Sources */,
				D0AFE22E180167D80081CD83 /* MMDrawerController.m in Sources */,
				D0A190B11803FC39006BE759 /* AFHTTPSessionManager.m in Sources */,
				D0A190AF1803FC39006BE759 /* AFHTTPRequestOperation.m in Sources */,
				D0A1900D1803E7CC006BE759 /* newsFetch.m in Sources */,
				D0A190B81803FC39006BE759 /* AFNetworkActivityIndicatorManager.m in Sources */,
				D0E45AD918040F00005034C3 /* stockInitModel.m in Sources */,
				D0A190B31803FC39006BE759 /* AFSecurityPolicy.m in Sources */,
				D0AFE22D180167D80081CD83 /* MMDrawerBarButtonItem.m in Sources */,
				D0A190BC1803FC39006BE759 /* UIImageView+AFNetworking.m in Sources */,
				D0A190B21803FC39006BE759 /* AFNetworkReachabilityManager.m in Sources */,
				D0A190B71803FC39006BE759 /* AFURLSessionManager.m in Sources */,
				D0AFE24D1801A1D70081CD83 /* mstockCell.m in Sources */,
				D0A190BA1803FC39006BE759 /* UIAlertView+AFNetworking.m in Sources */,
				D0AFE1EF1800842E0081CD83 /* mstockAppDelegate.m in Sources */,
				D0AFE248180171D60081CD83 /* rightViewController.m in Sources */,
				D0AFE240180169B90081CD83 /* mstockTradeViewController.m in Sources */,
				D0A190BE1803FC39006BE759 /* UIWebView+AFNetworking.m in Sources */,
				D0A190B61803FC39006BE759 /* AFURLResponseSerialization.m in Sources */,
				D0A190BB1803FC39006BE759 /* UIButton+AFNetworking.m in Sources */,
				D0AFE1F21800842E0081CD83 /* mstock.xcdatamodeld in Sources */,
			);
			runOnlyForDeploymentPostprocessing = 0;
		};
		D0AFE1F51800842E0081CD83 /* Sources */ = {
			isa = PBXSourcesBuildPhase;
			buildActionMask = 2147483647;
			files = (
				D0AFE245180171C80081CD83 /* leftviewController.m in Sources */,
				D0AFE24E1801A1D70081CD83 /* mstockCell.m in Sources */,
				D0AFE249180171D60081CD83 /* rightViewController.m in Sources */,
				D0AFE241180169B90081CD83 /* mstockTradeViewController.m in Sources */,
				D0AFE2081800842F0081CD83 /* mstockTests.m in Sources */,
			);
			runOnlyForDeploymentPostprocessing = 0;
		};
/* End PBXSourcesBuildPhase section */

/* Begin PBXTargetDependency section */
		D0AFE2001800842E0081CD83 /* PBXTargetDependency */ = {
			isa = PBXTargetDependency;
			target = D0AFE1D81800842E0081CD83 /* mstock */;
			targetProxy = D0AFE1FF1800842E0081CD83 /* PBXContainerItemProxy */;
		};
/* End PBXTargetDependency section */

/* Begin PBXVariantGroup section */
		D0AFE1E71800842E0081CD83 /* InfoPlist.strings */ = {
			isa = PBXVariantGroup;
			children = (
				D0AFE1E81800842E0081CD83 /* en */,
			);
			name = InfoPlist.strings;
			sourceTree = "<group>";
		};
		D0AFE2041800842F0081CD83 /* InfoPlist.strings */ = {
			isa = PBXVariantGroup;
			children = (
				D0AFE2051800842F0081CD83 /* en */,
			);
			name = InfoPlist.strings;
			sourceTree = "<group>";
		};
/* End PBXVariantGroup section */

/* Begin XCBuildConfiguration section */
		D0AFE2091800842F0081CD83 /* Debug */ = {
			isa = XCBuildConfiguration;
			buildSettings = {
				ALWAYS_SEARCH_USER_PATHS = NO;
				ARCHS = "$(ARCHS_STANDARD_INCLUDING_64_BIT)";
				CLANG_CXX_LANGUAGE_STANDARD = "gnu++0x";
				CLANG_CXX_LIBRARY = "libc++";
				CLANG_ENABLE_MODULES = YES;
				CLANG_ENABLE_OBJC_ARC = YES;
				CLANG_WARN_BOOL_CONVERSION = YES;
				CLANG_WARN_CONSTANT_CONVERSION = YES;
				CLANG_WARN_DIRECT_OBJC_ISA_USAGE = YES_ERROR;
				CLANG_WARN_EMPTY_BODY = YES;
				CLANG_WARN_ENUM_CONVERSION = YES;
				CLANG_WARN_INT_CONVERSION = YES;
				CLANG_WARN_OBJC_ROOT_CLASS = YES_ERROR;
				CLANG_WARN__DUPLICATE_METHOD_MATCH = YES;
				"CODE_SIGN_IDENTITY[sdk=iphoneos*]" = "iPhone Developer";
				COPY_PHASE_STRIP = NO;
				GCC_C_LANGUAGE_STANDARD = gnu99;
				GCC_DYNAMIC_NO_PIC = NO;
				GCC_OPTIMIZATION_LEVEL = 0;
				GCC_PREPROCESSOR_DEFINITIONS = (
					"DEBUG=1",
					"$(inherited)",
				);
				GCC_SYMBOLS_PRIVATE_EXTERN = NO;
				GCC_WARN_64_TO_32_BIT_CONVERSION = YES;
				GCC_WARN_ABOUT_RETURN_TYPE = YES_ERROR;
				GCC_WARN_UNDECLARED_SELECTOR = YES;
				GCC_WARN_UNINITIALIZED_AUTOS = YES;
				GCC_WARN_UNUSED_FUNCTION = YES;
				GCC_WARN_UNUSED_VARIABLE = YES;
				IPHONEOS_DEPLOYMENT_TARGET = 7.0;
				ONLY_ACTIVE_ARCH = YES;
				SDKROOT = iphoneos;
			};
			name = Debug;
		};
		D0AFE20A1800842F0081CD83 /* Release */ = {
			isa = XCBuildConfiguration;
			buildSettings = {
				ALWAYS_SEARCH_USER_PATHS = NO;
				ARCHS = "$(ARCHS_STANDARD_INCLUDING_64_BIT)";
				CLANG_CXX_LANGUAGE_STANDARD = "gnu++0x";
				CLANG_CXX_LIBRARY = "libc++";
				CLANG_ENABLE_MODULES = YES;
				CLANG_ENABLE_OBJC_ARC = YES;
				CLANG_WARN_BOOL_CONVERSION = YES;
				CLANG_WARN_CONSTANT_CONVERSION = YES;
				CLANG_WARN_DIRECT_OBJC_ISA_USAGE = YES_ERROR;
				CLANG_WARN_EMPTY_BODY = YES;
				CLANG_WARN_ENUM_CONVERSION = YES;
				CLANG_WARN_INT_CONVERSION = YES;
				CLANG_WARN_OBJC_ROOT_CLASS = YES_ERROR;
				CLANG_WARN__DUPLICATE_METHOD_MATCH = YES;
				"CODE_SIGN_IDENTITY[sdk=iphoneos*]" = "iPhone Developer";
				COPY_PHASE_STRIP = YES;
				ENABLE_NS_ASSERTIONS = NO;
				GCC_C_LANGUAGE_STANDARD = gnu99;
				GCC_WARN_64_TO_32_BIT_CONVERSION = YES;
				GCC_WARN_ABOUT_RETURN_TYPE = YES_ERROR;
				GCC_WARN_UNDECLARED_SELECTOR = YES;
				GCC_WARN_UNINITIALIZED_AUTOS = YES;
				GCC_WARN_UNUSED_FUNCTION = YES;
				GCC_WARN_UNUSED_VARIABLE = YES;
				IPHONEOS_DEPLOYMENT_TARGET = 7.0;
				SDKROOT = iphoneos;
				VALIDATE_PRODUCT = YES;
			};
			name = Release;
		};
		D0AFE20C1800842F0081CD83 /* Debug */ = {
			isa = XCBuildConfiguration;
			buildSettings = {
				ASSETCATALOG_COMPILER_APPICON_NAME = AppIcon;
				ASSETCATALOG_COMPILER_LAUNCHIMAGE_NAME = LaunchImage;
				GCC_PRECOMPILE_PREFIX_HEADER = YES;
				GCC_PREFIX_HEADER = "mstock/mstock-Prefix.pch";
				INFOPLIST_FILE = "mstock/mstock-Info.plist";
				PRODUCT_NAME = "$(TARGET_NAME)";
				WRAPPER_EXTENSION = app;
			};
			name = Debug;
		};
		D0AFE20D1800842F0081CD83 /* Release */ = {
			isa = XCBuildConfiguration;
			buildSettings = {
				ASSETCATALOG_COMPILER_APPICON_NAME = AppIcon;
				ASSETCATALOG_COMPILER_LAUNCHIMAGE_NAME = LaunchImage;
				GCC_PRECOMPILE_PREFIX_HEADER = YES;
				GCC_PREFIX_HEADER = "mstock/mstock-Prefix.pch";
				INFOPLIST_FILE = "mstock/mstock-Info.plist";
				PRODUCT_NAME = "$(TARGET_NAME)";
				WRAPPER_EXTENSION = app;
			};
			name = Release;
		};
		D0AFE20F1800842F0081CD83 /* Debug */ = {
			isa = XCBuildConfiguration;
			buildSettings = {
				ARCHS = "$(ARCHS_STANDARD_INCLUDING_64_BIT)";
				BUNDLE_LOADER = "$(BUILT_PRODUCTS_DIR)/mstock.app/mstock";
				FRAMEWORK_SEARCH_PATHS = (
					"$(SDKROOT)/Developer/Library/Frameworks",
					"$(inherited)",
					"$(DEVELOPER_FRAMEWORKS_DIR)",
				);
				GCC_PRECOMPILE_PREFIX_HEADER = YES;
				GCC_PREFIX_HEADER = "mstock/mstock-Prefix.pch";
				GCC_PREPROCESSOR_DEFINITIONS = (
					"DEBUG=1",
					"$(inherited)",
				);
				INFOPLIST_FILE = "mstockTests/mstockTests-Info.plist";
				PRODUCT_NAME = "$(TARGET_NAME)";
				TEST_HOST = "$(BUNDLE_LOADER)";
				WRAPPER_EXTENSION = xctest;
			};
			name = Debug;
		};
		D0AFE2101800842F0081CD83 /* Release */ = {
			isa = XCBuildConfiguration;
			buildSettings = {
				ARCHS = "$(ARCHS_STANDARD_INCLUDING_64_BIT)";
				BUNDLE_LOADER = "$(BUILT_PRODUCTS_DIR)/mstock.app/mstock";
				FRAMEWORK_SEARCH_PATHS = (
					"$(SDKROOT)/Developer/Library/Frameworks",
					"$(inherited)",
					"$(DEVELOPER_FRAMEWORKS_DIR)",
				);
				GCC_PRECOMPILE_PREFIX_HEADER = YES;
				GCC_PREFIX_HEADER = "mstock/mstock-Prefix.pch";
				INFOPLIST_FILE = "mstockTests/mstockTests-Info.plist";
				PRODUCT_NAME = "$(TARGET_NAME)";
				TEST_HOST = "$(BUNDLE_LOADER)";
				WRAPPER_EXTENSION = xctest;
			};
			name = Release;
		};
/* End XCBuildConfiguration section */

/* Begin XCConfigurationList section */
		D0AFE1D41800842E0081CD83 /* Build configuration list for PBXProject "mstock" */ = {
			isa = XCConfigurationList;
			buildConfigurations = (
				D0AFE2091800842F0081CD83 /* Debug */,
				D0AFE20A1800842F0081CD83 /* Release */,
			);
			defaultConfigurationIsVisible = 0;
			defaultConfigurationName = Release;
		};
		D0AFE20B1800842F0081CD83 /* Build configuration list for PBXNativeTarget "mstock" */ = {
			isa = XCConfigurationList;
			buildConfigurations = (
				D0AFE20C1800842F0081CD83 /* Debug */,
				D0AFE20D1800842F0081CD83 /* Release */,
			);
			defaultConfigurationIsVisible = 0;
			defaultConfigurationName = Release;
		};
		D0AFE20E1800842F0081CD83 /* Build configuration list for PBXNativeTarget "mstockTests" */ = {
			isa = XCConfigurationList;
			buildConfigurations = (
				D0AFE20F1800842F0081CD83 /* Debug */,
				D0AFE2101800842F0081CD83 /* Release */,
			);
			defaultConfigurationIsVisible = 0;
			defaultConfigurationName = Release;
		};
/* End XCConfigurationList section */

/* Begin XCVersionGroup section */
		D0AFE1F01800842E0081CD83 /* mstock.xcdatamodeld */ = {
			isa = XCVersionGroup;
			children = (
				D0AFE1F11800842E0081CD83 /* mstock.xcdatamodel */,
			);
			currentVersion = D0AFE1F11800842E0081CD83 /* mstock.xcdatamodel */;
			path = mstock.xcdatamodeld;
			sourceTree = "<group>";
			versionGroupType = wrapper.xcdatamodel;
		};
/* End XCVersionGroup section */
	};
	rootObject = D0AFE1D11800842E0081CD83 /* Project object */;
}
